
Microsoft Visual Studio Solution File, Format Version 12.00
# Visual Studio Version 16
VisualStudioVersion = 16.0.30011.22
MinimumVisualStudioVersion = 10.0.40219.1
Project("{FAE04EC0-301F-11D3-BF4B-00C04F79EFBC}") = "Расчётные_листки", "Расчётные_листки\Расчётные_листки.csproj", "{F6A0C2FB-22BE-46DF-8EC9-AC21A64D5C54}"
EndProject
Global
	GlobalSection(SolutionConfigurationPlatforms) = preSolution
		Debug|Any CPU = Debug|Any CPU
		Release|Any CPU = Release|Any CPU
	EndGlobalSection
	GlobalSection(ProjectConfigurationPlatforms) = postSolution
		{F6A0C2FB-22BE-46DF-8EC9-AC21A64D5C54}.Debug|Any CPU.ActiveCfg = Debug|Any CPU
		{F6A0C2FB-22BE-46DF-8EC9-AC21A64D5C54}.Debug|Any CPU.Build.0 = Debug|Any CPU
		{F6A0C2FB-22BE-46DF-8EC9-AC21A64D5C54}.Release|Any CPU.ActiveCfg = Release|Any CPU
		{F6A0C2FB-22BE-46DF-8EC9-AC21A64D5C54}.Release|Any CPU.Build.0 = Release|Any CPU
	EndGlobalSection
	GlobalSection(SolutionProperties) = preSolution
		HideSolutionNode = FALSE
	EndGlobalSection
	GlobalSection(ExtensibilityGlobals) = postSolution
		SolutionGuid = {9181C83B-8C97-40B1-8A00-3C7AB6D1F40A}
	EndGlobalSection
EndGlobal
